// !$*UTF8*$!
{
	archiveVersion = 1;
	classes = {
	};
	objectVersion = 56;
	objects = {

/* Begin PBXBuildFile section */
		922B92B62960D77E008CA266 /* RPS_App.swift in Sources */ = {isa = PBXBuildFile; fileRef = 922B92B52960D77E008CA266 /* RPS_App.swift */; };
		922B92B82960D77E008CA266 /* MainView.swift in Sources */ = {isa = PBXBuildFile; fileRef = 922B92B72960D77E008CA266 /* MainView.swift */; };
		922B92BA2960D781008CA266 /* Assets.xcassets in Resources */ = {isa = PBXBuildFile; fileRef = 922B92B92960D781008CA266 /* Assets.xcassets */; };
		922B92BD2960D781008CA266 /* Preview Assets.xcassets in Resources */ = {isa = PBXBuildFile; fileRef = 922B92BC2960D781008CA266 /* Preview Assets.xcassets */; };
		922B92C62960D946008CA266 /* LICENSE in Resources */ = {isa = PBXBuildFile; fileRef = 922B92C32960D946008CA266 /* LICENSE */; };
		922B92C72960D946008CA266 /* .gitignore in Resources */ = {isa = PBXBuildFile; fileRef = 922B92C42960D946008CA266 /* .gitignore */; };
		922B92C82960D946008CA266 /* README.md in Resources */ = {isa = PBXBuildFile; fileRef = 922B92C52960D946008CA266 /* README.md */; };
		922B92CC2960EAD0008CA266 /* GameView.swift in Sources */ = {isa = PBXBuildFile; fileRef = 922B92CB2960EAD0008CA266 /* GameView.swift */; };
		922B92CE2960F62C008CA266 /* Buttons.swift in Sources */ = {isa = PBXBuildFile; fileRef = 922B92CD2960F62C008CA266 /* Buttons.swift */; };
		922B92D02961024E008CA266 /* ModifierTemplates.swift in Sources */ = {isa = PBXBuildFile; fileRef = 922B92CF2961024E008CA266 /* ModifierTemplates.swift */; };
		922B92D2296105DB008CA266 /* config.swift in Sources */ = {isa = PBXBuildFile; fileRef = 922B92D1296105DB008CA266 /* config.swift */; };
		922B92D429626AFF008CA266 /* AdaptiveStack.swift in Sources */ = {isa = PBXBuildFile; fileRef = 922B92D329626AFF008CA266 /* AdaptiveStack.swift */; };
		922B92D7296296B6008CA266 /* StatTracker.swift in Sources */ = {isa = PBXBuildFile; fileRef = 922B92D6296296B6008CA266 /* StatTracker.swift */; };
		922B92DA2962A4D6008CA266 /* StatView.swift in Sources */ = {isa = PBXBuildFile; fileRef = 922B92D92962A4D6008CA266 /* StatView.swift */; };
		922B92DD29635E5A008CA266 /* OrderedCollections in Frameworks */ = {isa = PBXBuildFile; productRef = 922B92DC29635E5A008CA266 /* OrderedCollections */; };
/* End PBXBuildFile section */

/* Begin PBXFileReference section */
		922B92B22960D77E008CA266 /* RPS.app */ = {isa = PBXFileReference; explicitFileType = wrapper.application; includeInIndex = 0; path = RPS.app; sourceTree = BUILT_PRODUCTS_DIR; };
		922B92B52960D77E008CA266 /* RPS_App.swift */ = {isa = PBXFileReference; lastKnownFileType = sourcecode.swift; path = RPS_App.swift; sourceTree = "<group>"; };
		922B92B72960D77E008CA266 /* MainView.swift */ = {isa = PBXFileReference; lastKnownFileType = sourcecode.swift; path = MainView.swift; sourceTree = "<group>"; };
		922B92B92960D781008CA266 /* Assets.xcassets */ = {isa = PBXFileReference; lastKnownFileType = folder.assetcatalog; path = Assets.xcassets; sourceTree = "<group>"; };
		922B92BC2960D781008CA266 /* Preview Assets.xcassets */ = {isa = PBXFileReference; lastKnownFileType = folder.assetcatalog; path = "Preview Assets.xcassets"; sourceTree = "<group>"; };
		922B92C32960D946008CA266 /* LICENSE */ = {isa = PBXFileReference; fileEncoding = 4; lastKnownFileType = text; path = LICENSE; sourceTree = "<group>"; };
		922B92C42960D946008CA266 /* .gitignore */ = {isa = PBXFileReference; fileEncoding = 4; lastKnownFileType = text; path = .gitignore; sourceTree = "<group>"; };
		922B92C52960D946008CA266 /* README.md */ = {isa = PBXFileReference; fileEncoding = 4; lastKnownFileType = net.daringfireball.markdown; path = README.md; sourceTree = "<group>"; };
		922B92CB2960EAD0008CA266 /* GameView.swift */ = {isa = PBXFileReference; lastKnownFileType = sourcecode.swift; path = GameView.swift; sourceTree = "<group>"; };
		922B92CD2960F62C008CA266 /* Buttons.swift */ = {isa = PBXFileReference; lastKnownFileType = sourcecode.swift; path = Buttons.swift; sourceTree = "<group>"; };
		922B92CF2961024E008CA266 /* ModifierTemplates.swift */ = {isa = PBXFileReference; lastKnownFileType = sourcecode.swift; path = ModifierTemplates.swift; sourceTree = "<group>"; };
		922B92D1296105DB008CA266 /* config.swift */ = {isa = PBXFileReference; lastKnownFileType = sourcecode.swift; path = config.swift; sourceTree = "<group>"; };
		922B92D329626AFF008CA266 /* AdaptiveStack.swift */ = {isa = PBXFileReference; lastKnownFileType = sourcecode.swift; path = AdaptiveStack.swift; sourceTree = "<group>"; };
		922B92D6296296B6008CA266 /* StatTracker.swift */ = {isa = PBXFileReference; lastKnownFileType = sourcecode.swift; path = StatTracker.swift; sourceTree = "<group>"; };
		922B92D92962A4D6008CA266 /* StatView.swift */ = {isa = PBXFileReference; lastKnownFileType = sourcecode.swift; path = StatView.swift; sourceTree = "<group>"; };
/* End PBXFileReference section */

/* Begin PBXFrameworksBuildPhase section */
		922B92AF2960D77E008CA266 /* Frameworks */ = {
			isa = PBXFrameworksBuildPhase;
			buildActionMask = 2147483647;
			files = (
				922B92DD29635E5A008CA266 /* OrderedCollections in Frameworks */,
			);
			runOnlyForDeploymentPostprocessing = 0;
		};
/* End PBXFrameworksBuildPhase section */

/* Begin PBXGroup section */
		922B92A92960D77E008CA266 = {
			isa = PBXGroup;
			children = (
				922B92C42960D946008CA266 /* .gitignore */,
				922B92C32960D946008CA266 /* LICENSE */,
				922B92C52960D946008CA266 /* README.md */,
				922B92B42960D77E008CA266 /* RPS */,
				922B92B32960D77E008CA266 /* Products */,
			);
			sourceTree = "<group>";
		};
		922B92B32960D77E008CA266 /* Products */ = {
			isa = PBXGroup;
			children = (
				922B92B22960D77E008CA266 /* RPS.app */,
			);
			name = Products;
			sourceTree = "<group>";
		};
		922B92B42960D77E008CA266 /* RPS */ = {
			isa = PBXGroup;
			children = (
				922B92D82962A420008CA266 /* Views */,
				922B92B52960D77E008CA266 /* RPS_App.swift */,
				922B92B92960D781008CA266 /* Assets.xcassets */,
				922B92BB2960D781008CA266 /* Preview Content */,
				922B92CF2961024E008CA266 /* ModifierTemplates.swift */,
				922B92D1296105DB008CA266 /* config.swift */,
				922B92D6296296B6008CA266 /* StatTracker.swift */,
			);
			path = RPS;
			sourceTree = "<group>";
		};
		922B92BB2960D781008CA266 /* Preview Content */ = {
			isa = PBXGroup;
			children = (
				922B92BC2960D781008CA266 /* Preview Assets.xcassets */,
			);
			path = "Preview Content";
			sourceTree = "<group>";
		};
		922B92D82962A420008CA266 /* Views */ = {
			isa = PBXGroup;
			children = (
				922B92CD2960F62C008CA266 /* Buttons.swift */,
				922B92D329626AFF008CA266 /* AdaptiveStack.swift */,
				922B92CB2960EAD0008CA266 /* GameView.swift */,
				922B92B72960D77E008CA266 /* MainView.swift */,
				922B92D92962A4D6008CA266 /* StatView.swift */,
			);
			path = Views;
			sourceTree = "<group>";
		};
/* End PBXGroup section */

/* Begin PBXNativeTarget section */
		922B92B12960D77E008CA266 /* RPS */ = {
			isa = PBXNativeTarget;
			buildConfigurationList = 922B92C02960D781008CA266 /* Build configuration list for PBXNativeTarget "RPS" */;
			buildPhases = (
				922B92AE2960D77E008CA266 /* Sources */,
				922B92AF2960D77E008CA266 /* Frameworks */,
				922B92B02960D77E008CA266 /* Resources */,
			);
			buildRules = (
			);
			dependencies = (
			);
			name = RPS;
			packageProductDependencies = (
				922B92DC29635E5A008CA266 /* OrderedCollections */,
			);
			productName = "RPS-iOS";
			productReference = 922B92B22960D77E008CA266 /* RPS.app */;
			productType = "com.apple.product-type.application";
		};
/* End PBXNativeTarget section */

/* Begin PBXProject section */
		922B92AA2960D77E008CA266 /* Project object */ = {
			isa = PBXProject;
			attributes = {
				BuildIndependentTargetsInParallel = 1;
				LastSwiftUpdateCheck = 1400;
				LastUpgradeCheck = 1400;
				TargetAttributes = {
					922B92B12960D77E008CA266 = {
						CreatedOnToolsVersion = 14.0.1;
					};
				};
			};
			buildConfigurationList = 922B92AD2960D77E008CA266 /* Build configuration list for PBXProject "RPS" */;
			compatibilityVersion = "Xcode 14.0";
			developmentRegion = en;
			hasScannedForEncodings = 0;
			knownRegions = (
				en,
				Base,
			);
			mainGroup = 922B92A92960D77E008CA266;
			packageReferences = (
				922B92DB29635E5A008CA266 /* XCRemoteSwiftPackageReference "swift-collections" */,
			);
			productRefGroup = 922B92B32960D77E008CA266 /* Products */;
			projectDirPath = "";
			projectRoot = "";
			targets = (
				922B92B12960D77E008CA266 /* RPS */,
			);
		};
/* End PBXProject section */

/* Begin PBXResourcesBuildPhase section */
		922B92B02960D77E008CA266 /* Resources */ = {
			isa = PBXResourcesBuildPhase;
			buildActionMask = 2147483647;
			files = (
				922B92C72960D946008CA266 /* .gitignore in Resources */,
				922B92C62960D946008CA266 /* LICENSE in Resources */,
				922B92C82960D946008CA266 /* README.md in Resources */,
				922B92BD2960D781008CA266 /* Preview Assets.xcassets in Resources */,
				922B92BA2960D781008CA266 /* Assets.xcassets in Resources */,
			);
			runOnlyForDeploymentPostprocessing = 0;
		};
/* End PBXResourcesBuildPhase section */

/* Begin PBXSourcesBuildPhase section */
		922B92AE2960D77E008CA266 /* Sources */ = {
			isa = PBXSourcesBuildPhase;
			buildActionMask = 2147483647;
			files = (
				922B92B82960D77E008CA266 /* MainView.swift in Sources */,
				922B92D429626AFF008CA266 /* AdaptiveStack.swift in Sources */,
				922B92CC2960EAD0008CA266 /* GameView.swift in Sources */,
				922B92DA2962A4D6008CA266 /* StatView.swift in Sources */,
				922B92D2296105DB008CA266 /* config.swift in Sources */,
				922B92D7296296B6008CA266 /* StatTracker.swift in Sources */,
				922B92CE2960F62C008CA266 /* Buttons.swift in Sources */,
				922B92D02961024E008CA266 /* ModifierTemplates.swift in Sources */,
				922B92B62960D77E008CA266 /* RPS_App.swift in Sources */,
			);
			runOnlyForDeploymentPostprocessing = 0;
		};
/* End PBXSourcesBuildPhase section */

/* Begin XCBuildConfiguration section */
		922B92BE2960D781008CA266 /* Debug */ = {
			isa = XCBuildConfiguration;
			buildSettings = {
				ALWAYS_SEARCH_USER_PATHS = NO;
				CLANG_ANALYZER_NONNULL = YES;
				CLANG_ANALYZER_NUMBER_OBJECT_CONVERSION = YES_AGGRESSIVE;
				CLANG_CXX_LANGUAGE_STANDARD = "gnu++20";
				CLANG_ENABLE_MODULES = YES;
				CLANG_ENABLE_OBJC_ARC = YES;
				CLANG_ENABLE_OBJC_WEAK = YES;
				CLANG_WARN_BLOCK_CAPTURE_AUTORELEASING = YES;
				CLANG_WARN_BOOL_CONVERSION = YES;
				CLANG_WARN_COMMA = YES;
				CLANG_WARN_CONSTANT_CONVERSION = YES;
				CLANG_WARN_DEPRECATED_OBJC_IMPLEMENTATIONS = YES;
				CLANG_WARN_DIRECT_OBJC_ISA_USAGE = YES_ERROR;
				CLANG_WARN_DOCUMENTATION_COMMENTS = YES;
				CLANG_WARN_EMPTY_BODY = YES;
				CLANG_WARN_ENUM_CONVERSION = YES;
				CLANG_WARN_INFINITE_RECURSION = YES;
				CLANG_WARN_INT_CONVERSION = YES;
				CLANG_WARN_NON_LITERAL_NULL_CONVERSION = YES;
				CLANG_WARN_OBJC_IMPLICIT_RETAIN_SELF = YES;
				CLANG_WARN_OBJC_LITERAL_CONVERSION = YES;
				CLANG_WARN_OBJC_ROOT_CLASS = YES_ERROR;
				CLANG_WARN_QUOTED_INCLUDE_IN_FRAMEWORK_HEADER = YES;
				CLANG_WARN_RANGE_LOOP_ANALYSIS = YES;
				CLANG_WARN_STRICT_PROTOTYPES = YES;
				CLANG_WARN_SUSPICIOUS_MOVE = YES;
				CLANG_WARN_UNGUARDED_AVAILABILITY = YES_AGGRESSIVE;
				CLANG_WARN_UNREACHABLE_CODE = YES;
				CLANG_WARN__DUPLICATE_METHOD_MATCH = YES;
				COPY_PHASE_STRIP = NO;
				DEBUG_INFORMATION_FORMAT = dwarf;
				ENABLE_STRICT_OBJC_MSGSEND = YES;
				ENABLE_TESTABILITY = YES;
				GCC_C_LANGUAGE_STANDARD = gnu11;
				GCC_DYNAMIC_NO_PIC = NO;
				GCC_NO_COMMON_BLOCKS = YES;
				GCC_OPTIMIZATION_LEVEL = 0;
				GCC_PREPROCESSOR_DEFINITIONS = (
					"DEBUG=1",
					"$(inherited)",
				);
				GCC_WARN_64_TO_32_BIT_CONVERSION = YES;
				GCC_WARN_ABOUT_RETURN_TYPE = YES_ERROR;
				GCC_WARN_UNDECLARED_SELECTOR = YES;
				GCC_WARN_UNINITIALIZED_AUTOS = YES_AGGRESSIVE;
				GCC_WARN_UNUSED_FUNCTION = YES;
				GCC_WARN_UNUSED_VARIABLE = YES;
				IPHONEOS_DEPLOYMENT_TARGET = 16.0;
				MTL_ENABLE_DEBUG_INFO = INCLUDE_SOURCE;
				MTL_FAST_MATH = YES;
				ONLY_ACTIVE_ARCH = YES;
				SDKROOT = iphoneos;
				SWIFT_ACTIVE_COMPILATION_CONDITIONS = DEBUG;
				SWIFT_OPTIMIZATION_LEVEL = "-Onone";
			};
			name = Debug;
		};
		922B92BF2960D781008CA266 /* Release */ = {
			isa = XCBuildConfiguration;
			buildSettings = {
				ALWAYS_SEARCH_USER_PATHS = NO;
				CLANG_ANALYZER_NONNULL = YES;
				CLANG_ANALYZER_NUMBER_OBJECT_CONVERSION = YES_AGGRESSIVE;
				CLANG_CXX_LANGUAGE_STANDARD = "gnu++20";
				CLANG_ENABLE_MODULES = YES;
				CLANG_ENABLE_OBJC_ARC = YES;
				CLANG_ENABLE_OBJC_WEAK = YES;
				CLANG_WARN_BLOCK_CAPTURE_AUTORELEASING = YES;
				CLANG_WARN_BOOL_CONVERSION = YES;
				CLANG_WARN_COMMA = YES;
				CLANG_WARN_CONSTANT_CONVERSION = YES;
				CLANG_WARN_DEPRECATED_OBJC_IMPLEMENTATIONS = YES;
				CLANG_WARN_DIRECT_OBJC_ISA_USAGE = YES_ERROR;
				CLANG_WARN_DOCUMENTATION_COMMENTS = YES;
				CLANG_WARN_EMPTY_BODY = YES;
				CLANG_WARN_ENUM_CONVERSION = YES;
				CLANG_WARN_INFINITE_RECURSION = YES;
				CLANG_WARN_INT_CONVERSION = YES;
				CLANG_WARN_NON_LITERAL_NULL_CONVERSION = YES;
				CLANG_WARN_OBJC_IMPLICIT_RETAIN_SELF = YES;
				CLANG_WARN_OBJC_LITERAL_CONVERSION = YES;
				CLANG_WARN_OBJC_ROOT_CLASS = YES_ERROR;
				CLANG_WARN_QUOTED_INCLUDE_IN_FRAMEWORK_HEADER = YES;
				CLANG_WARN_RANGE_LOOP_ANALYSIS = YES;
				CLANG_WARN_STRICT_PROTOTYPES = YES;
				CLANG_WARN_SUSPICIOUS_MOVE = YES;
				CLANG_WARN_UNGUARDED_AVAILABILITY = YES_AGGRESSIVE;
				CLANG_WARN_UNREACHABLE_CODE = YES;
				CLANG_WARN__DUPLICATE_METHOD_MATCH = YES;
				COPY_PHASE_STRIP = NO;
				DEBUG_INFORMATION_FORMAT = "dwarf-with-dsym";
				ENABLE_NS_ASSERTIONS = NO;
				ENABLE_STRICT_OBJC_MSGSEND = YES;
				GCC_C_LANGUAGE_STANDARD = gnu11;
				GCC_NO_COMMON_BLOCKS = YES;
				GCC_WARN_64_TO_32_BIT_CONVERSION = YES;
				GCC_WARN_ABOUT_RETURN_TYPE = YES_ERROR;
				GCC_WARN_UNDECLARED_SELECTOR = YES;
				GCC_WARN_UNINITIALIZED_AUTOS = YES_AGGRESSIVE;
				GCC_WARN_UNUSED_FUNCTION = YES;
				GCC_WARN_UNUSED_VARIABLE = YES;
				IPHONEOS_DEPLOYMENT_TARGET = 16.0;
				MTL_ENABLE_DEBUG_INFO = NO;
				MTL_FAST_MATH = YES;
				SDKROOT = iphoneos;
				SWIFT_COMPILATION_MODE = wholemodule;
				SWIFT_OPTIMIZATION_LEVEL = "-O";
				VALIDATE_PRODUCT = YES;
			};
			name = Release;
		};
		922B92C12960D781008CA266 /* Debug */ = {
			isa = XCBuildConfiguration;
			buildSettings = {
				ASSETCATALOG_COMPILER_APPICON_NAME = AppIcon;
				ASSETCATALOG_COMPILER_GLOBAL_ACCENT_COLOR_NAME = AccentColor;
				CODE_SIGN_STYLE = Automatic;
				CURRENT_PROJECT_VERSION = 1;
				DEVELOPMENT_ASSET_PATHS = "\"RPS/Preview Content\"";
				DEVELOPMENT_TEAM = WSQUG76UX4;
				ENABLE_PREVIEWS = YES;
				GENERATE_INFOPLIST_FILE = YES;
				INFOPLIST_KEY_CFBundleDisplayName = RPS;
				INFOPLIST_KEY_LSApplicationCategoryType = "public.app-category.word-games";
				INFOPLIST_KEY_UIApplicationSceneManifest_Generation = YES;
				INFOPLIST_KEY_UIApplicationSupportsIndirectInputEvents = YES;
				INFOPLIST_KEY_UILaunchScreen_Generation = YES;
				INFOPLIST_KEY_UISupportedInterfaceOrientations_iPad = "UIInterfaceOrientationPortrait UIInterfaceOrientationPortraitUpsideDown UIInterfaceOrientationLandscapeLeft UIInterfaceOrientationLandscapeRight";
				INFOPLIST_KEY_UISupportedInterfaceOrientations_iPhone = "UIInterfaceOrientationPortrait UIInterfaceOrientationLandscapeLeft UIInterfaceOrientationLandscapeRight";
				LD_RUNPATH_SEARCH_PATHS = (
					"$(inherited)",
					"@executable_path/Frameworks",
				);
				MARKETING_VERSION = 1.0;
				PRODUCT_BUNDLE_IDENTIFIER = "com.iamandywu.RPS-iOS";
				PRODUCT_NAME = "$(TARGET_NAME)";
				SWIFT_EMIT_LOC_STRINGS = YES;
				SWIFT_VERSION = 5.0;
				TARGETED_DEVICE_FAMILY = "1,2";
			};
			name = Debug;
		};
		922B92C22960D781008CA266 /* Release */ = {
			isa = XCBuildConfiguration;
			buildSettings = {
				ASSETCATALOG_COMPILER_APPICON_NAME = AppIcon;
				ASSETCATALOG_COMPILER_GLOBAL_ACCENT_COLOR_NAME = AccentColor;
				CODE_SIGN_STYLE = Automatic;
				CURRENT_PROJECT_VERSION = 1;
				DEVELOPMENT_ASSET_PATHS = "\"RPS/Preview Content\"";
				DEVELOPMENT_TEAM = WSQUG76UX4;
				ENABLE_PREVIEWS = YES;
				GENERATE_INFOPLIST_FILE = YES;
				INFOPLIST_KEY_CFBundleDisplayName = RPS;
				INFOPLIST_KEY_LSApplicationCategoryType = "public.app-category.word-games";
				INFOPLIST_KEY_UIApplicationSceneManifest_Generation = YES;
				INFOPLIST_KEY_UIApplicationSupportsIndirectInputEvents = YES;
				INFOPLIST_KEY_UILaunchScreen_Generation = YES;
				INFOPLIST_KEY_UISupportedInterfaceOrientations_iPad = "UIInterfaceOrientationPortrait UIInterfaceOrientationPortraitUpsideDown UIInterfaceOrientationLandscapeLeft UIInterfaceOrientationLandscapeRight";
				INFOPLIST_KEY_UISupportedInterfaceOrientations_iPhone = "UIInterfaceOrientationPortrait UIInterfaceOrientationLandscapeLeft UIInterfaceOrientationLandscapeRight";
				LD_RUNPATH_SEARCH_PATHS = (
					"$(inherited)",
					"@executable_path/Frameworks",
				);
				MARKETING_VERSION = 1.0;
				PRODUCT_BUNDLE_IDENTIFIER = "com.iamandywu.RPS-iOS";
				PRODUCT_NAME = "$(TARGET_NAME)";
				SWIFT_EMIT_LOC_STRINGS = YES;
				SWIFT_VERSION = 5.0;
				TARGETED_DEVICE_FAMILY = "1,2";
			};
			name = Release;
		};
/* End XCBuildConfiguration section */

/* Begin XCConfigurationList section */
		922B92AD2960D77E008CA266 /* Build configuration list for PBXProject "RPS" */ = {
			isa = XCConfigurationList;
			buildConfigurations = (
				922B92BE2960D781008CA266 /* Debug */,
				922B92BF2960D781008CA266 /* Release */,
			);
			defaultConfigurationIsVisible = 0;
			defaultConfigurationName = Release;
		};
		922B92C02960D781008CA266 /* Build configuration list for PBXNativeTarget "RPS" */ = {
			isa = XCConfigurationList;
			buildConfigurations = (
				922B92C12960D781008CA266 /* Debug */,
				922B92C22960D781008CA266 /* Release */,
			);
			defaultConfigurationIsVisible = 0;
			defaultConfigurationName = Release;
		};
/* End XCConfigurationList section */

/* Begin XCRemoteSwiftPackageReference section */
		922B92DB29635E5A008CA266 /* XCRemoteSwiftPackageReference "swift-collections" */ = {
			isa = XCRemoteSwiftPackageReference;
			repositoryURL = "https://github.com/apple/swift-collections.git";
			requirement = {
				kind = upToNextMajorVersion;
				minimumVersion = 1.0.0;
			};
		};
/* End XCRemoteSwiftPackageReference section */

/* Begin XCSwiftPackageProductDependency section */
		922B92DC29635E5A008CA266 /* OrderedCollections */ = {
			isa = XCSwiftPackageProductDependency;
			package = 922B92DB29635E5A008CA266 /* XCRemoteSwiftPackageReference "swift-collections" */;
			productName = OrderedCollections;
		};
/* End XCSwiftPackageProductDependency section */
	};
	rootObject = 922B92AA2960D77E008CA266 /* Project object */;
}
